
Microsoft Visual Studio Solution File, Format Version 12.00
# Visual Studio Version 17
VisualStudioVersion = 17.1.32414.318
MinimumVisualStudioVersion = 10.0.40219.1
Project("{FAE04EC0-301F-11D3-BF4B-00C04F79EFBC}") = "day9  book", "day9  book.csproj", "{A296D995-706D-4ACF-9847-87FAE4045043}"
EndProject
Global
	GlobalSection(SolutionConfigurationPlatforms) = preSolution
		Debug|Any CPU = Debug|Any CPU
		Release|Any CPU = Release|Any CPU
	EndGlobalSection
	GlobalSection(ProjectConfigurationPlatforms) = postSolution
		{A296D995-706D-4ACF-9847-87FAE4045043}.Debug|Any CPU.ActiveCfg = Debug|Any CPU
		{A296D995-706D-4ACF-9847-87FAE4045043}.Debug|Any CPU.Build.0 = Debug|Any CPU
		{A296D995-706D-4ACF-9847-87FAE4045043}.Release|Any CPU.ActiveCfg = Release|Any CPU
		{A296D995-706D-4ACF-9847-87FAE4045043}.Release|Any CPU.Build.0 = Release|Any CPU
	EndGlobalSection
	GlobalSection(SolutionProperties) = preSolution
		HideSolutionNode = FALSE
	EndGlobalSection
	GlobalSection(ExtensibilityGlobals) = postSolution
		SolutionGuid = {83C74E02-496F-4410-8FD9-A7180C9360BB}
	EndGlobalSection
EndGlobal
